
Microsoft Visual Studio Solution File, Format Version 12.00
# Visual Studio Version 17
VisualStudioVersion = 17.5.002.0
MinimumVisualStudioVersion = 10.0.40219.1
Project("{9A19103F-16F7-4668-BE54-9A1E7A4F7556}") = "Factory", "Factory\Factory.csproj", "{1C8BCB4B-5C15-44D6-93F8-D1F0550B7F7B}"
EndProject
Global
	GlobalSection(SolutionConfigurationPlatforms) = preSolution
		Debug|Any CPU = Debug|Any CPU
		Release|Any CPU = Release|Any CPU
	EndGlobalSection
	GlobalSection(ProjectConfigurationPlatforms) = postSolution
		{1C8BCB4B-5C15-44D6-93F8-D1F0550B7F7B}.Debug|Any CPU.ActiveCfg = Debug|Any CPU
		{1C8BCB4B-5C15-44D6-93F8-D1F0550B7F7B}.Debug|Any CPU.Build.0 = Debug|Any CPU
		{1C8BCB4B-5C15-44D6-93F8-D1F0550B7F7B}.Release|Any CPU.ActiveCfg = Release|Any CPU
		{1C8BCB4B-5C15-44D6-93F8-D1F0550B7F7B}.Release|Any CPU.Build.0 = Release|Any CPU
	EndGlobalSection
	GlobalSection(SolutionProperties) = preSolution
		HideSolutionNode = FALSE
	EndGlobalSection
	GlobalSection(ExtensibilityGlobals) = postSolution
		SolutionGuid = {BBE76F09-D57A-45CF-BFFF-51D8782EED57}
	EndGlobalSection
EndGlobal
