
Microsoft Visual Studio Solution File, Format Version 12.00
# Visual Studio Version 17
VisualStudioVersion = 17.5.002.0
MinimumVisualStudioVersion = 10.0.40219.1
Project("{9A19103F-16F7-4668-BE54-9A1E7A4F7556}") = "Factory", "Factory\Factory.csproj", "{C00FC4C6-25BC-49F0-8AB9-60547C85ABA7}"
EndProject
Global
	GlobalSection(SolutionConfigurationPlatforms) = preSolution
		Debug|Any CPU = Debug|Any CPU
		Release|Any CPU = Release|Any CPU
	EndGlobalSection
	GlobalSection(ProjectConfigurationPlatforms) = postSolution
		{C00FC4C6-25BC-49F0-8AB9-60547C85ABA7}.Debug|Any CPU.ActiveCfg = Debug|Any CPU
		{C00FC4C6-25BC-49F0-8AB9-60547C85ABA7}.Debug|Any CPU.Build.0 = Debug|Any CPU
		{C00FC4C6-25BC-49F0-8AB9-60547C85ABA7}.Release|Any CPU.ActiveCfg = Release|Any CPU
		{C00FC4C6-25BC-49F0-8AB9-60547C85ABA7}.Release|Any CPU.Build.0 = Release|Any CPU
	EndGlobalSection
	GlobalSection(SolutionProperties) = preSolution
		HideSolutionNode = FALSE
	EndGlobalSection
	GlobalSection(ExtensibilityGlobals) = postSolution
		SolutionGuid = {05E5E961-23F5-4F8A-8151-667E367CC38F}
	EndGlobalSection
EndGlobal
